
Microsoft Visual Studio Solution File, Format Version 12.00
# Visual Studio Version 16
VisualStudioVersion = 16.0.30907.101
MinimumVisualStudioVersion = 10.0.40219.1
Project("{FAE04EC0-301F-11D3-BF4B-00C04F79EFBC}") = "ConsoleApp1", "ConsoleApp1\ConsoleApp1.csproj", "{6294DFF0-8AC1-4BE4-90A9-80A2D8BCC64F}"
EndProject
Global
	GlobalSection(SolutionConfigurationPlatforms) = preSolution
		Debug|Any CPU = Debug|Any CPU
		Release|Any CPU = Release|Any CPU
	EndGlobalSection
	GlobalSection(ProjectConfigurationPlatforms) = postSolution
		{6294DFF0-8AC1-4BE4-90A9-80A2D8BCC64F}.Debug|Any CPU.ActiveCfg = Debug|Any CPU
		{6294DFF0-8AC1-4BE4-90A9-80A2D8BCC64F}.Debug|Any CPU.Build.0 = Debug|Any CPU
		{6294DFF0-8AC1-4BE4-90A9-80A2D8BCC64F}.Release|Any CPU.ActiveCfg = Release|Any CPU
		{6294DFF0-8AC1-4BE4-90A9-80A2D8BCC64F}.Release|Any CPU.Build.0 = Release|Any CPU
	EndGlobalSection
	GlobalSection(SolutionProperties) = preSolution
		HideSolutionNode = FALSE
	EndGlobalSection
	GlobalSection(ExtensibilityGlobals) = postSolution
		SolutionGuid = {BEFAD0E3-646B-44A2-B99B-A9A7A8286829}
	EndGlobalSection
EndGlobal
